
Microsoft Visual Studio Solution File, Format Version 12.00
# Visual Studio Version 16
VisualStudioVersion = 16.0.29424.173
MinimumVisualStudioVersion = 10.0.40219.1
Project("{FAE04EC0-301F-11D3-BF4B-00C04F79EFBC}") = "WorkTeam2", "WorkTeam2.csproj", "{08FE0A1B-E946-465B-A0D3-35BA85129335}"
EndProject
Global
	GlobalSection(SolutionConfigurationPlatforms) = preSolution
		Debug|Any CPU = Debug|Any CPU
		Release|Any CPU = Release|Any CPU
	EndGlobalSection
	GlobalSection(ProjectConfigurationPlatforms) = postSolution
		{08FE0A1B-E946-465B-A0D3-35BA85129335}.Debug|Any CPU.ActiveCfg = Debug|Any CPU
		{08FE0A1B-E946-465B-A0D3-35BA85129335}.Debug|Any CPU.Build.0 = Debug|Any CPU
		{08FE0A1B-E946-465B-A0D3-35BA85129335}.Release|Any CPU.ActiveCfg = Release|Any CPU
		{08FE0A1B-E946-465B-A0D3-35BA85129335}.Release|Any CPU.Build.0 = Release|Any CPU
	EndGlobalSection
	GlobalSection(SolutionProperties) = preSolution
		HideSolutionNode = FALSE
	EndGlobalSection
	GlobalSection(ExtensibilityGlobals) = postSolution
		SolutionGuid = {8ADE5D40-FC1B-465C-8626-EBBB1BA356A3}
	EndGlobalSection
EndGlobal
